// !$*UTF8*$!
{
	archiveVersion = 1;
	classes = {
	};
	objectVersion = 56;
	objects = {

/* Begin PBXBuildFile section */
		1E6FCA952AA44E6200E7BC6D /* LoginValidation.swift in Sources */ = {isa = PBXBuildFile; fileRef = 1E6FCA942AA44E6200E7BC6D /* LoginValidation.swift */; };
		1EF3769F2AA3A0CA00C5E700 /* MVVMV_SwiftUIApp.swift in Sources */ = {isa = PBXBuildFile; fileRef = 1EF3769E2AA3A0CA00C5E700 /* MVVMV_SwiftUIApp.swift */; };
		1EF376A12AA3A0CA00C5E700 /* ContentView.swift in Sources */ = {isa = PBXBuildFile; fileRef = 1EF376A02AA3A0CA00C5E700 /* ContentView.swift */; };
		1EF376A32AA3A0CB00C5E700 /* Assets.xcassets in Resources */ = {isa = PBXBuildFile; fileRef = 1EF376A22AA3A0CB00C5E700 /* Assets.xcassets */; };
		1EF376A62AA3A0CB00C5E700 /* Preview Assets.xcassets in Resources */ = {isa = PBXBuildFile; fileRef = 1EF376A52AA3A0CB00C5E700 /* Preview Assets.xcassets */; };
		1EF376B72AA3A16E00C5E700 /* LoginResponse.swift in Sources */ = {isa = PBXBuildFile; fileRef = 1EF376B62AA3A16E00C5E700 /* LoginResponse.swift */; };
		1EF376B92AA3A24C00C5E700 /* LoginRequest.swift in Sources */ = {isa = PBXBuildFile; fileRef = 1EF376B82AA3A24C00C5E700 /* LoginRequest.swift */; };
		1EF376BB2AA3A69900C5E700 /* HttpUtility.swift in Sources */ = {isa = PBXBuildFile; fileRef = 1EF376BA2AA3A69900C5E700 /* HttpUtility.swift */; };
/* End PBXBuildFile section */

/* Begin PBXFileReference section */
		1E6FCA942AA44E6200E7BC6D /* LoginValidation.swift */ = {isa = PBXFileReference; lastKnownFileType = sourcecode.swift; path = LoginValidation.swift; sourceTree = "<group>"; };
		1EF3769B2AA3A0CA00C5E700 /* MVVMV_SwiftUI.app */ = {isa = PBXFileReference; explicitFileType = wrapper.application; includeInIndex = 0; path = MVVMV_SwiftUI.app; sourceTree = BUILT_PRODUCTS_DIR; };
		1EF3769E2AA3A0CA00C5E700 /* MVVMV_SwiftUIApp.swift */ = {isa = PBXFileReference; lastKnownFileType = sourcecode.swift; path = MVVMV_SwiftUIApp.swift; sourceTree = "<group>"; };
		1EF376A02AA3A0CA00C5E700 /* ContentView.swift */ = {isa = PBXFileReference; lastKnownFileType = sourcecode.swift; path = ContentView.swift; sourceTree = "<group>"; };
		1EF376A22AA3A0CB00C5E700 /* Assets.xcassets */ = {isa = PBXFileReference; lastKnownFileType = folder.assetcatalog; path = Assets.xcassets; sourceTree = "<group>"; };
		1EF376A52AA3A0CB00C5E700 /* Preview Assets.xcassets */ = {isa = PBXFileReference; lastKnownFileType = folder.assetcatalog; path = "Preview Assets.xcassets"; sourceTree = "<group>"; };
		1EF376B62AA3A16E00C5E700 /* LoginResponse.swift */ = {isa = PBXFileReference; lastKnownFileType = sourcecode.swift; path = LoginResponse.swift; sourceTree = "<group>"; };
		1EF376B82AA3A24C00C5E700 /* LoginRequest.swift */ = {isa = PBXFileReference; lastKnownFileType = sourcecode.swift; path = LoginRequest.swift; sourceTree = "<group>"; };
		1EF376BA2AA3A69900C5E700 /* HttpUtility.swift */ = {isa = PBXFileReference; lastKnownFileType = sourcecode.swift; path = HttpUtility.swift; sourceTree = "<group>"; };
/* End PBXFileReference section */

/* Begin PBXFrameworksBuildPhase section */
		1EF376982AA3A0CA00C5E700 /* Frameworks */ = {
			isa = PBXFrameworksBuildPhase;
			buildActionMask = 2147483647;
			files = (
			);
			runOnlyForDeploymentPostprocessing = 0;
		};
/* End PBXFrameworksBuildPhase section */

/* Begin PBXGroup section */
		1EF376922AA3A0CA00C5E700 = {
			isa = PBXGroup;
			children = (
				1EF3769D2AA3A0CA00C5E700 /* MVVMV_SwiftUI */,
				1EF3769C2AA3A0CA00C5E700 /* Products */,
			);
			sourceTree = "<group>";
		};
		1EF3769C2AA3A0CA00C5E700 /* Products */ = {
			isa = PBXGroup;
			children = (
				1EF3769B2AA3A0CA00C5E700 /* MVVMV_SwiftUI.app */,
			);
			name = Products;
			sourceTree = "<group>";
		};
		1EF3769D2AA3A0CA00C5E700 /* MVVMV_SwiftUI */ = {
			isa = PBXGroup;
			children = (
				1EF376B22AA3A13200C5E700 /* Views */,
				1EF376B12AA3A12C00C5E700 /* ViewModel */,
				1EF376B02AA3A12500C5E700 /* Validation */,
				1EF376AF2AA3A11D00C5E700 /* Utility */,
				1EF376AE2AA3A11500C5E700 /* Resource */,
				1EF376AC2AA3A10100C5E700 /* Models */,
				1EF3769E2AA3A0CA00C5E700 /* MVVMV_SwiftUIApp.swift */,
				1EF376A02AA3A0CA00C5E700 /* ContentView.swift */,
				1EF376A22AA3A0CB00C5E700 /* Assets.xcassets */,
				1EF376A42AA3A0CB00C5E700 /* Preview Content */,
			);
			path = MVVMV_SwiftUI;
			sourceTree = "<group>";
		};
		1EF376A42AA3A0CB00C5E700 /* Preview Content */ = {
			isa = PBXGroup;
			children = (
				1EF376A52AA3A0CB00C5E700 /* Preview Assets.xcassets */,
			);
			path = "Preview Content";
			sourceTree = "<group>";
		};
		1EF376AC2AA3A10100C5E700 /* Models */ = {
			isa = PBXGroup;
			children = (
				1EF376B42AA3A15400C5E700 /* Request */,
				1EF376B32AA3A14B00C5E700 /* Response */,
			);
			path = Models;
			sourceTree = "<group>";
		};
		1EF376AE2AA3A11500C5E700 /* Resource */ = {
			isa = PBXGroup;
			children = (
			);
			path = Resource;
			sourceTree = "<group>";
		};
		1EF376AF2AA3A11D00C5E700 /* Utility */ = {
			isa = PBXGroup;
			children = (
				1EF376BA2AA3A69900C5E700 /* HttpUtility.swift */,
			);
			path = Utility;
			sourceTree = "<group>";
		};
		1EF376B02AA3A12500C5E700 /* Validation */ = {
			isa = PBXGroup;
			children = (
				1E6FCA942AA44E6200E7BC6D /* LoginValidation.swift */,
			);
			path = Validation;
			sourceTree = "<group>";
		};
		1EF376B12AA3A12C00C5E700 /* ViewModel */ = {
			isa = PBXGroup;
			children = (
			);
			path = ViewModel;
			sourceTree = "<group>";
		};
		1EF376B22AA3A13200C5E700 /* Views */ = {
			isa = PBXGroup;
			children = (
			);
			path = Views;
			sourceTree = "<group>";
		};
		1EF376B32AA3A14B00C5E700 /* Response */ = {
			isa = PBXGroup;
			children = (
				1EF376B62AA3A16E00C5E700 /* LoginResponse.swift */,
			);
			path = Response;
			sourceTree = "<group>";
		};
		1EF376B42AA3A15400C5E700 /* Request */ = {
			isa = PBXGroup;
			children = (
				1EF376B82AA3A24C00C5E700 /* LoginRequest.swift */,
			);
			path = Request;
			sourceTree = "<group>";
		};
/* End PBXGroup section */

/* Begin PBXNativeTarget section */
		1EF3769A2AA3A0CA00C5E700 /* MVVMV_SwiftUI */ = {
			isa = PBXNativeTarget;
			buildConfigurationList = 1EF376A92AA3A0CB00C5E700 /* Build configuration list for PBXNativeTarget "MVVMV_SwiftUI" */;
			buildPhases = (
				1EF376972AA3A0CA00C5E700 /* Sources */,
				1EF376982AA3A0CA00C5E700 /* Frameworks */,
				1EF376992AA3A0CA00C5E700 /* Resources */,
			);
			buildRules = (
			);
			dependencies = (
			);
			name = MVVMV_SwiftUI;
			productName = MVVMV_SwiftUI;
			productReference = 1EF3769B2AA3A0CA00C5E700 /* MVVMV_SwiftUI.app */;
			productType = "com.apple.product-type.application";
		};
/* End PBXNativeTarget section */

/* Begin PBXProject section */
		1EF376932AA3A0CA00C5E700 /* Project object */ = {
			isa = PBXProject;
			attributes = {
				BuildIndependentTargetsInParallel = 1;
				LastSwiftUpdateCheck = 1430;
				LastUpgradeCheck = 1430;
				TargetAttributes = {
					1EF3769A2AA3A0CA00C5E700 = {
						CreatedOnToolsVersion = 14.3.1;
					};
				};
			};
			buildConfigurationList = 1EF376962AA3A0CA00C5E700 /* Build configuration list for PBXProject "MVVMV_SwiftUI" */;
			compatibilityVersion = "Xcode 14.0";
			developmentRegion = en;
			hasScannedForEncodings = 0;
			knownRegions = (
				en,
				Base,
			);
			mainGroup = 1EF376922AA3A0CA00C5E700;
			productRefGroup = 1EF3769C2AA3A0CA00C5E700 /* Products */;
			projectDirPath = "";
			projectRoot = "";
			targets = (
				1EF3769A2AA3A0CA00C5E700 /* MVVMV_SwiftUI */,
			);
		};
/* End PBXProject section */

/* Begin PBXResourcesBuildPhase section */
		1EF376992AA3A0CA00C5E700 /* Resources */ = {
			isa = PBXResourcesBuildPhase;
			buildActionMask = 2147483647;
			files = (
				1EF376A62AA3A0CB00C5E700 /* Preview Assets.xcassets in Resources */,
				1EF376A32AA3A0CB00C5E700 /* Assets.xcassets in Resources */,
			);
			runOnlyForDeploymentPostprocessing = 0;
		};
/* End PBXResourcesBuildPhase section */

/* Begin PBXSourcesBuildPhase section */
		1EF376972AA3A0CA00C5E700 /* Sources */ = {
			isa = PBXSourcesBuildPhase;
			buildActionMask = 2147483647;
			files = (
				1EF376BB2AA3A69900C5E700 /* HttpUtility.swift in Sources */,
				1EF376A12AA3A0CA00C5E700 /* ContentView.swift in Sources */,
				1EF3769F2AA3A0CA00C5E700 /* MVVMV_SwiftUIApp.swift in Sources */,
				1EF376B72AA3A16E00C5E700 /* LoginResponse.swift in Sources */,
				1E6FCA952AA44E6200E7BC6D /* LoginValidation.swift in Sources */,
				1EF376B92AA3A24C00C5E700 /* LoginRequest.swift in Sources */,
			);
			runOnlyForDeploymentPostprocessing = 0;
		};
/* End PBXSourcesBuildPhase section */

/* Begin XCBuildConfiguration section */
		1EF376A72AA3A0CB00C5E700 /* Debug */ = {
			isa = XCBuildConfiguration;
			buildSettings = {
				ALWAYS_SEARCH_USER_PATHS = NO;
				CLANG_ANALYZER_NONNULL = YES;
				CLANG_ANALYZER_NUMBER_OBJECT_CONVERSION = YES_AGGRESSIVE;
				CLANG_CXX_LANGUAGE_STANDARD = "gnu++20";
				CLANG_ENABLE_MODULES = YES;
				CLANG_ENABLE_OBJC_ARC = YES;
				CLANG_ENABLE_OBJC_WEAK = YES;
				CLANG_WARN_BLOCK_CAPTURE_AUTORELEASING = YES;
				CLANG_WARN_BOOL_CONVERSION = YES;
				CLANG_WARN_COMMA = YES;
				CLANG_WARN_CONSTANT_CONVERSION = YES;
				CLANG_WARN_DEPRECATED_OBJC_IMPLEMENTATIONS = YES;
				CLANG_WARN_DIRECT_OBJC_ISA_USAGE = YES_ERROR;
				CLANG_WARN_DOCUMENTATION_COMMENTS = YES;
				CLANG_WARN_EMPTY_BODY = YES;
				CLANG_WARN_ENUM_CONVERSION = YES;
				CLANG_WARN_INFINITE_RECURSION = YES;
				CLANG_WARN_INT_CONVERSION = YES;
				CLANG_WARN_NON_LITERAL_NULL_CONVERSION = YES;
				CLANG_WARN_OBJC_IMPLICIT_RETAIN_SELF = YES;
				CLANG_WARN_OBJC_LITERAL_CONVERSION = YES;
				CLANG_WARN_OBJC_ROOT_CLASS = YES_ERROR;
				CLANG_WARN_QUOTED_INCLUDE_IN_FRAMEWORK_HEADER = YES;
				CLANG_WARN_RANGE_LOOP_ANALYSIS = YES;
				CLANG_WARN_STRICT_PROTOTYPES = YES;
				CLANG_WARN_SUSPICIOUS_MOVE = YES;
				CLANG_WARN_UNGUARDED_AVAILABILITY = YES_AGGRESSIVE;
				CLANG_WARN_UNREACHABLE_CODE = YES;
				CLANG_WARN__DUPLICATE_METHOD_MATCH = YES;
				COPY_PHASE_STRIP = NO;
				DEBUG_INFORMATION_FORMAT = dwarf;
				ENABLE_STRICT_OBJC_MSGSEND = YES;
				ENABLE_TESTABILITY = YES;
				GCC_C_LANGUAGE_STANDARD = gnu11;
				GCC_DYNAMIC_NO_PIC = NO;
				GCC_NO_COMMON_BLOCKS = YES;
				GCC_OPTIMIZATION_LEVEL = 0;
				GCC_PREPROCESSOR_DEFINITIONS = (
					"DEBUG=1",
					"$(inherited)",
				);
				GCC_WARN_64_TO_32_BIT_CONVERSION = YES;
				GCC_WARN_ABOUT_RETURN_TYPE = YES_ERROR;
				GCC_WARN_UNDECLARED_SELECTOR = YES;
				GCC_WARN_UNINITIALIZED_AUTOS = YES_AGGRESSIVE;
				GCC_WARN_UNUSED_FUNCTION = YES;
				GCC_WARN_UNUSED_VARIABLE = YES;
				IPHONEOS_DEPLOYMENT_TARGET = 16.4;
				MTL_ENABLE_DEBUG_INFO = INCLUDE_SOURCE;
				MTL_FAST_MATH = YES;
				ONLY_ACTIVE_ARCH = YES;
				SDKROOT = iphoneos;
				SWIFT_ACTIVE_COMPILATION_CONDITIONS = DEBUG;
				SWIFT_OPTIMIZATION_LEVEL = "-Onone";
			};
			name = Debug;
		};
		1EF376A82AA3A0CB00C5E700 /* Release */ = {
			isa = XCBuildConfiguration;
			buildSettings = {
				ALWAYS_SEARCH_USER_PATHS = NO;
				CLANG_ANALYZER_NONNULL = YES;
				CLANG_ANALYZER_NUMBER_OBJECT_CONVERSION = YES_AGGRESSIVE;
				CLANG_CXX_LANGUAGE_STANDARD = "gnu++20";
				CLANG_ENABLE_MODULES = YES;
				CLANG_ENABLE_OBJC_ARC = YES;
				CLANG_ENABLE_OBJC_WEAK = YES;
				CLANG_WARN_BLOCK_CAPTURE_AUTORELEASING = YES;
				CLANG_WARN_BOOL_CONVERSION = YES;
				CLANG_WARN_COMMA = YES;
				CLANG_WARN_CONSTANT_CONVERSION = YES;
				CLANG_WARN_DEPRECATED_OBJC_IMPLEMENTATIONS = YES;
				CLANG_WARN_DIRECT_OBJC_ISA_USAGE = YES_ERROR;
				CLANG_WARN_DOCUMENTATION_COMMENTS = YES;
				CLANG_WARN_EMPTY_BODY = YES;
				CLANG_WARN_ENUM_CONVERSION = YES;
				CLANG_WARN_INFINITE_RECURSION = YES;
				CLANG_WARN_INT_CONVERSION = YES;
				CLANG_WARN_NON_LITERAL_NULL_CONVERSION = YES;
				CLANG_WARN_OBJC_IMPLICIT_RETAIN_SELF = YES;
				CLANG_WARN_OBJC_LITERAL_CONVERSION = YES;
				CLANG_WARN_OBJC_ROOT_CLASS = YES_ERROR;
				CLANG_WARN_QUOTED_INCLUDE_IN_FRAMEWORK_HEADER = YES;
				CLANG_WARN_RANGE_LOOP_ANALYSIS = YES;
				CLANG_WARN_STRICT_PROTOTYPES = YES;
				CLANG_WARN_SUSPICIOUS_MOVE = YES;
				CLANG_WARN_UNGUARDED_AVAILABILITY = YES_AGGRESSIVE;
				CLANG_WARN_UNREACHABLE_CODE = YES;
				CLANG_WARN__DUPLICATE_METHOD_MATCH = YES;
				COPY_PHASE_STRIP = NO;
				DEBUG_INFORMATION_FORMAT = "dwarf-with-dsym";
				ENABLE_NS_ASSERTIONS = NO;
				ENABLE_STRICT_OBJC_MSGSEND = YES;
				GCC_C_LANGUAGE_STANDARD = gnu11;
				GCC_NO_COMMON_BLOCKS = YES;
				GCC_WARN_64_TO_32_BIT_CONVERSION = YES;
				GCC_WARN_ABOUT_RETURN_TYPE = YES_ERROR;
				GCC_WARN_UNDECLARED_SELECTOR = YES;
				GCC_WARN_UNINITIALIZED_AUTOS = YES_AGGRESSIVE;
				GCC_WARN_UNUSED_FUNCTION = YES;
				GCC_WARN_UNUSED_VARIABLE = YES;
				IPHONEOS_DEPLOYMENT_TARGET = 16.4;
				MTL_ENABLE_DEBUG_INFO = NO;
				MTL_FAST_MATH = YES;
				SDKROOT = iphoneos;
				SWIFT_COMPILATION_MODE = wholemodule;
				SWIFT_OPTIMIZATION_LEVEL = "-O";
				VALIDATE_PRODUCT = YES;
			};
			name = Release;
		};
		1EF376AA2AA3A0CB00C5E700 /* Debug */ = {
			isa = XCBuildConfiguration;
			buildSettings = {
				ASSETCATALOG_COMPILER_APPICON_NAME = AppIcon;
				ASSETCATALOG_COMPILER_GLOBAL_ACCENT_COLOR_NAME = AccentColor;
				CODE_SIGN_STYLE = Automatic;
				CURRENT_PROJECT_VERSION = 1;
				DEVELOPMENT_ASSET_PATHS = "\"MVVMV_SwiftUI/Preview Content\"";
				DEVELOPMENT_TEAM = RWNWK95DSQ;
				ENABLE_PREVIEWS = YES;
				GENERATE_INFOPLIST_FILE = YES;
				INFOPLIST_KEY_UIApplicationSceneManifest_Generation = YES;
				INFOPLIST_KEY_UIApplicationSupportsIndirectInputEvents = YES;
				INFOPLIST_KEY_UILaunchScreen_Generation = YES;
				INFOPLIST_KEY_UISupportedInterfaceOrientations_iPad = "UIInterfaceOrientationPortrait UIInterfaceOrientationPortraitUpsideDown UIInterfaceOrientationLandscapeLeft UIInterfaceOrientationLandscapeRight";
				INFOPLIST_KEY_UISupportedInterfaceOrientations_iPhone = "UIInterfaceOrientationPortrait UIInterfaceOrientationLandscapeLeft UIInterfaceOrientationLandscapeRight";
				LD_RUNPATH_SEARCH_PATHS = (
					"$(inherited)",
					"@executable_path/Frameworks",
				);
				MARKETING_VERSION = 1.0;
				PRODUCT_BUNDLE_IDENTIFIER = "elric.MVVMV-SwiftUI";
				PRODUCT_NAME = "$(TARGET_NAME)";
				SWIFT_EMIT_LOC_STRINGS = YES;
				SWIFT_VERSION = 5.0;
				TARGETED_DEVICE_FAMILY = "1,2";
			};
			name = Debug;
		};
		1EF376AB2AA3A0CB00C5E700 /* Release */ = {
			isa = XCBuildConfiguration;
			buildSettings = {
				ASSETCATALOG_COMPILER_APPICON_NAME = AppIcon;
				ASSETCATALOG_COMPILER_GLOBAL_ACCENT_COLOR_NAME = AccentColor;
				CODE_SIGN_STYLE = Automatic;
				CURRENT_PROJECT_VERSION = 1;
				DEVELOPMENT_ASSET_PATHS = "\"MVVMV_SwiftUI/Preview Content\"";
				DEVELOPMENT_TEAM = RWNWK95DSQ;
				ENABLE_PREVIEWS = YES;
				GENERATE_INFOPLIST_FILE = YES;
				INFOPLIST_KEY_UIApplicationSceneManifest_Generation = YES;
				INFOPLIST_KEY_UIApplicationSupportsIndirectInputEvents = YES;
				INFOPLIST_KEY_UILaunchScreen_Generation = YES;
				INFOPLIST_KEY_UISupportedInterfaceOrientations_iPad = "UIInterfaceOrientationPortrait UIInterfaceOrientationPortraitUpsideDown UIInterfaceOrientationLandscapeLeft UIInterfaceOrientationLandscapeRight";
				INFOPLIST_KEY_UISupportedInterfaceOrientations_iPhone = "UIInterfaceOrientationPortrait UIInterfaceOrientationLandscapeLeft UIInterfaceOrientationLandscapeRight";
				LD_RUNPATH_SEARCH_PATHS = (
					"$(inherited)",
					"@executable_path/Frameworks",
				);
				MARKETING_VERSION = 1.0;
				PRODUCT_BUNDLE_IDENTIFIER = "elric.MVVMV-SwiftUI";
				PRODUCT_NAME = "$(TARGET_NAME)";
				SWIFT_EMIT_LOC_STRINGS = YES;
				SWIFT_VERSION = 5.0;
				TARGETED_DEVICE_FAMILY = "1,2";
			};
			name = Release;
		};
/* End XCBuildConfiguration section */

/* Begin XCConfigurationList section */
		1EF376962AA3A0CA00C5E700 /* Build configuration list for PBXProject "MVVMV_SwiftUI" */ = {
			isa = XCConfigurationList;
			buildConfigurations = (
				1EF376A72AA3A0CB00C5E700 /* Debug */,
				1EF376A82AA3A0CB00C5E700 /* Release */,
			);
			defaultConfigurationIsVisible = 0;
			defaultConfigurationName = Release;
		};
		1EF376A92AA3A0CB00C5E700 /* Build configuration list for PBXNativeTarget "MVVMV_SwiftUI" */ = {
			isa = XCConfigurationList;
			buildConfigurations = (
				1EF376AA2AA3A0CB00C5E700 /* Debug */,
				1EF376AB2AA3A0CB00C5E700 /* Release */,
			);
			defaultConfigurationIsVisible = 0;
			defaultConfigurationName = Release;
		};
/* End XCConfigurationList section */
	};
	rootObject = 1EF376932AA3A0CA00C5E700 /* Project object */;
}
